// !$*UTF8*$!
{
	archiveVersion = 1;
	classes = {
	};
	objectVersion = 77;
	objects = {

/* Begin PBXBuildFile section */
		96B4D7752E04BFBF006AF33B /* DesignKit.framework in Frameworks */ = {isa = PBXBuildFile; fileRef = 96B4D7742E04BFBF006AF33B /* DesignKit.framework */; };
		96B4D7762E04BFBF006AF33B /* DesignKit.framework in Embed Frameworks */ = {isa = PBXBuildFile; fileRef = 96B4D7742E04BFBF006AF33B /* DesignKit.framework */; settings = {ATTRIBUTES = (CodeSignOnCopy, RemoveHeadersOnCopy, ); }; };
		D133A3622E56531800A07CF0 /* BabiesListAndRegistration.framework in Frameworks */ = {isa = PBXBuildFile; fileRef = D133A3612E56531800A07CF0 /* BabiesListAndRegistration.framework */; };
		D133A3632E56531800A07CF0 /* BabiesListAndRegistration.framework in Embed Frameworks */ = {isa = PBXBuildFile; fileRef = D133A3612E56531800A07CF0 /* BabiesListAndRegistration.framework */; settings = {ATTRIBUTES = (CodeSignOnCopy, RemoveHeadersOnCopy, ); }; };
		F9CB62142E4D1271002695CE /* SettingsModule.framework in Frameworks */ = {isa = PBXBuildFile; fileRef = F9CB62132E4D1271002695CE /* SettingsModule.framework */; };
		F9CB62152E4D1271002695CE /* SettingsModule.framework in Embed Frameworks */ = {isa = PBXBuildFile; fileRef = F9CB62132E4D1271002695CE /* SettingsModule.framework */; settings = {ATTRIBUTES = (CodeSignOnCopy, RemoveHeadersOnCopy, ); }; };
		F9E13A442E4CFE8F00BD2E7D /* Localizable.strings in Resources */ = {isa = PBXBuildFile; fileRef = F9E13A422E4CFE8F00BD2E7D /* Localizable.strings */; };
		F9E13A482E4D007200BD2E7D /* LocalizedStrings.swift in Sources */ = {isa = PBXBuildFile; fileRef = F9E13A472E4D007200BD2E7D /* LocalizedStrings.swift */; };
		F9E13A4A2E4D01C700BD2E7D /* BundleExtension.swift in Sources */ = {isa = PBXBuildFile; fileRef = F9E13A492E4D01C700BD2E7D /* BundleExtension.swift */; };
/* End PBXBuildFile section */

/* Begin PBXCopyFilesBuildPhase section */
		96B4D7772E04BFBF006AF33B /* Embed Frameworks */ = {
			isa = PBXCopyFilesBuildPhase;
			buildActionMask = 2147483647;
			dstPath = "";
			dstSubfolderSpec = 10;
			files = (
				96B4D7762E04BFBF006AF33B /* DesignKit.framework in Embed Frameworks */,
				D133A3632E56531800A07CF0 /* BabiesListAndRegistration.framework in Embed Frameworks */,
				F9CB62152E4D1271002695CE /* SettingsModule.framework in Embed Frameworks */,
			);
			name = "Embed Frameworks";
			runOnlyForDeploymentPostprocessing = 0;
		};
/* End PBXCopyFilesBuildPhase section */

/* Begin PBXFileReference section */
		96B4D7602E047B56006AF33B /* BabyJournal.framework */ = {isa = PBXFileReference; explicitFileType = wrapper.framework; includeInIndex = 0; path = BabyJournal.framework; sourceTree = BUILT_PRODUCTS_DIR; };
		96B4D7742E04BFBF006AF33B /* DesignKit.framework */ = {isa = PBXFileReference; explicitFileType = wrapper.framework; path = DesignKit.framework; sourceTree = BUILT_PRODUCTS_DIR; };
		D133A3612E56531800A07CF0 /* BabiesListAndRegistration.framework */ = {isa = PBXFileReference; explicitFileType = wrapper.framework; path = BabiesListAndRegistration.framework; sourceTree = BUILT_PRODUCTS_DIR; };
		F9CB62132E4D1271002695CE /* SettingsModule.framework */ = {isa = PBXFileReference; explicitFileType = wrapper.framework; path = SettingsModule.framework; sourceTree = BUILT_PRODUCTS_DIR; };
		F9E13A432E4CFE8F00BD2E7D /* en */ = {isa = PBXFileReference; lastKnownFileType = text.plist.strings; name = en; path = en.lproj/Localizable.strings; sourceTree = "<group>"; };
		F9E13A452E4CFFF400BD2E7D /* es */ = {isa = PBXFileReference; lastKnownFileType = text.plist.strings; name = es; path = es.lproj/Localizable.strings; sourceTree = "<group>"; };
		F9E13A462E4D002700BD2E7D /* ko */ = {isa = PBXFileReference; lastKnownFileType = text.plist.strings; name = ko; path = ko.lproj/Localizable.strings; sourceTree = "<group>"; };
		F9E13A472E4D007200BD2E7D /* LocalizedStrings.swift */ = {isa = PBXFileReference; lastKnownFileType = sourcecode.swift; path = LocalizedStrings.swift; sourceTree = "<group>"; };
		F9E13A492E4D01C700BD2E7D /* BundleExtension.swift */ = {isa = PBXFileReference; lastKnownFileType = sourcecode.swift; path = BundleExtension.swift; sourceTree = "<group>"; };
/* End PBXFileReference section */

/* Begin PBXFileSystemSynchronizedRootGroup section */
		11C7A9CA2E60B3C0002FEED7 /* Helpers */ = {
			isa = PBXFileSystemSynchronizedRootGroup;
			path = Helpers;
			sourceTree = "<group>";
		};
		96B4D7622E047B56006AF33B /* BabyJournal */ = {
			isa = PBXFileSystemSynchronizedRootGroup;
			path = BabyJournal;
			sourceTree = "<group>";
		};
		D15F92622E20534D00697D9C /* Protocols */ = {
			isa = PBXFileSystemSynchronizedRootGroup;
			path = Protocols;
			sourceTree = "<group>";
		};
		D15F92752E2082A100697D9C /* Models */ = {
			isa = PBXFileSystemSynchronizedRootGroup;
			path = Models;
			sourceTree = "<group>";
		};
		D1F779042E3D21E70073E41C /* Coordinators */ = {
			isa = PBXFileSystemSynchronizedRootGroup;
			path = Coordinators;
			sourceTree = "<group>";
		};
/* End PBXFileSystemSynchronizedRootGroup section */

/* Begin PBXFrameworksBuildPhase section */
		96B4D75D2E047B56006AF33B /* Frameworks */ = {
			isa = PBXFrameworksBuildPhase;
			buildActionMask = 2147483647;
			files = (
				96B4D7752E04BFBF006AF33B /* DesignKit.framework in Frameworks */,
				D133A3622E56531800A07CF0 /* BabiesListAndRegistration.framework in Frameworks */,
				F9CB62142E4D1271002695CE /* SettingsModule.framework in Frameworks */,
			);
			runOnlyForDeploymentPostprocessing = 0;
		};
/* End PBXFrameworksBuildPhase section */

/* Begin PBXGroup section */
		96B4D7562E047B56006AF33B = {
			isa = PBXGroup;
			children = (
				11C7A9CA2E60B3C0002FEED7 /* Helpers */,
				F9E13A412E4CFE7E00BD2E7D /* Resources */,
				D1F779042E3D21E70073E41C /* Coordinators */,
				D15F92752E2082A100697D9C /* Models */,
				D15F92622E20534D00697D9C /* Protocols */,
				96B4D7622E047B56006AF33B /* BabyJournal */,
				96B4D7732E04BFBF006AF33B /* Frameworks */,
				96B4D7612E047B56006AF33B /* Products */,
			);
			sourceTree = "<group>";
		};
		96B4D7612E047B56006AF33B /* Products */ = {
			isa = PBXGroup;
			children = (
				96B4D7602E047B56006AF33B /* BabyJournal.framework */,
			);
			name = Products;
			sourceTree = "<group>";
		};
		96B4D7732E04BFBF006AF33B /* Frameworks */ = {
			isa = PBXGroup;
			children = (
				D133A3612E56531800A07CF0 /* BabiesListAndRegistration.framework */,
				F9CB62132E4D1271002695CE /* SettingsModule.framework */,
				96B4D7742E04BFBF006AF33B /* DesignKit.framework */,
			);
			name = Frameworks;
			sourceTree = "<group>";
		};
		F9E13A412E4CFE7E00BD2E7D /* Resources */ = {
			isa = PBXGroup;
			children = (
				F9E13A422E4CFE8F00BD2E7D /* Localizable.strings */,
				F9E13A472E4D007200BD2E7D /* LocalizedStrings.swift */,
				F9E13A492E4D01C700BD2E7D /* BundleExtension.swift */,
			);
			path = Resources;
			sourceTree = "<group>";
		};
/* End PBXGroup section */

/* Begin PBXHeadersBuildPhase section */
		96B4D75B2E047B56006AF33B /* Headers */ = {
			isa = PBXHeadersBuildPhase;
			buildActionMask = 2147483647;
			files = (
			);
			runOnlyForDeploymentPostprocessing = 0;
		};
/* End PBXHeadersBuildPhase section */

/* Begin PBXNativeTarget section */
		96B4D75F2E047B56006AF33B /* BabyJournal */ = {
			isa = PBXNativeTarget;
			buildConfigurationList = 96B4D7692E047B56006AF33B /* Build configuration list for PBXNativeTarget "BabyJournal" */;
			buildPhases = (
				96B4D75B2E047B56006AF33B /* Headers */,
				96B4D75C2E047B56006AF33B /* Sources */,
				96B4D75D2E047B56006AF33B /* Frameworks */,
				96B4D75E2E047B56006AF33B /* Resources */,
				96B4D7772E04BFBF006AF33B /* Embed Frameworks */,
			);
			buildRules = (
			);
			dependencies = (
			);
			fileSystemSynchronizedGroups = (
				11C7A9CA2E60B3C0002FEED7 /* Helpers */,
				96B4D7622E047B56006AF33B /* BabyJournal */,
				D15F92622E20534D00697D9C /* Protocols */,
				D15F92752E2082A100697D9C /* Models */,
				D1F779042E3D21E70073E41C /* Coordinators */,
			);
			name = BabyJournal;
			packageProductDependencies = (
			);
			productName = BabyJournal;
			productReference = 96B4D7602E047B56006AF33B /* BabyJournal.framework */;
			productType = "com.apple.product-type.framework";
		};
/* End PBXNativeTarget section */

/* Begin PBXProject section */
		96B4D7572E047B56006AF33B /* Project object */ = {
			isa = PBXProject;
			attributes = {
				BuildIndependentTargetsInParallel = 1;
				LastSwiftUpdateCheck = 1640;
				LastUpgradeCheck = 1640;
				TargetAttributes = {
					96B4D75F2E047B56006AF33B = {
						CreatedOnToolsVersion = 16.4;
					};
				};
			};
			buildConfigurationList = 96B4D75A2E047B56006AF33B /* Build configuration list for PBXProject "BabyJournal" */;
			developmentRegion = en;
			hasScannedForEncodings = 0;
			knownRegions = (
				en,
				Base,
				es,
				ko,
			);
			mainGroup = 96B4D7562E047B56006AF33B;
			minimizedProjectReferenceProxies = 1;
			preferredProjectObjectVersion = 77;
			productRefGroup = 96B4D7612E047B56006AF33B /* Products */;
			projectDirPath = "";
			projectRoot = "";
			targets = (
				96B4D75F2E047B56006AF33B /* BabyJournal */,
			);
		};
/* End PBXProject section */

/* Begin PBXResourcesBuildPhase section */
		96B4D75E2E047B56006AF33B /* Resources */ = {
			isa = PBXResourcesBuildPhase;
			buildActionMask = 2147483647;
			files = (
				F9E13A442E4CFE8F00BD2E7D /* Localizable.strings in Resources */,
			);
			runOnlyForDeploymentPostprocessing = 0;
		};
/* End PBXResourcesBuildPhase section */

/* Begin PBXSourcesBuildPhase section */
		96B4D75C2E047B56006AF33B /* Sources */ = {
			isa = PBXSourcesBuildPhase;
			buildActionMask = 2147483647;
			files = (
				F9E13A482E4D007200BD2E7D /* LocalizedStrings.swift in Sources */,
				F9E13A4A2E4D01C700BD2E7D /* BundleExtension.swift in Sources */,
			);
			runOnlyForDeploymentPostprocessing = 0;
		};
/* End PBXSourcesBuildPhase section */

/* Begin PBXVariantGroup section */
		F9E13A422E4CFE8F00BD2E7D /* Localizable.strings */ = {
			isa = PBXVariantGroup;
			children = (
				F9E13A432E4CFE8F00BD2E7D /* en */,
				F9E13A452E4CFFF400BD2E7D /* es */,
				F9E13A462E4D002700BD2E7D /* ko */,
			);
			name = Localizable.strings;
			sourceTree = "<group>";
		};
/* End PBXVariantGroup section */

/* Begin XCBuildConfiguration section */
		96B4D7672E047B56006AF33B /* Debug */ = {
			isa = XCBuildConfiguration;
			buildSettings = {
				ALWAYS_SEARCH_USER_PATHS = NO;
				ASSETCATALOG_COMPILER_GENERATE_SWIFT_ASSET_SYMBOL_EXTENSIONS = YES;
				CLANG_ANALYZER_LOCALIZABILITY_NONLOCALIZED = YES;
				CLANG_ANALYZER_NONNULL = YES;
				CLANG_ANALYZER_NUMBER_OBJECT_CONVERSION = YES_AGGRESSIVE;
				CLANG_CXX_LANGUAGE_STANDARD = "gnu++20";
				CLANG_ENABLE_MODULES = YES;
				CLANG_ENABLE_OBJC_ARC = YES;
				CLANG_ENABLE_OBJC_WEAK = YES;
				CLANG_WARN_BLOCK_CAPTURE_AUTORELEASING = YES;
				CLANG_WARN_BOOL_CONVERSION = YES;
				CLANG_WARN_COMMA = YES;
				CLANG_WARN_CONSTANT_CONVERSION = YES;
				CLANG_WARN_DEPRECATED_OBJC_IMPLEMENTATIONS = YES;
				CLANG_WARN_DIRECT_OBJC_ISA_USAGE = YES_ERROR;
				CLANG_WARN_DOCUMENTATION_COMMENTS = YES;
				CLANG_WARN_EMPTY_BODY = YES;
				CLANG_WARN_ENUM_CONVERSION = YES;
				CLANG_WARN_INFINITE_RECURSION = YES;
				CLANG_WARN_INT_CONVERSION = YES;
				CLANG_WARN_NON_LITERAL_NULL_CONVERSION = YES;
				CLANG_WARN_OBJC_IMPLICIT_RETAIN_SELF = YES;
				CLANG_WARN_OBJC_LITERAL_CONVERSION = YES;
				CLANG_WARN_OBJC_ROOT_CLASS = YES_ERROR;
				CLANG_WARN_QUOTED_INCLUDE_IN_FRAMEWORK_HEADER = YES;
				CLANG_WARN_RANGE_LOOP_ANALYSIS = YES;
				CLANG_WARN_STRICT_PROTOTYPES = YES;
				CLANG_WARN_SUSPICIOUS_MOVE = YES;
				CLANG_WARN_UNGUARDED_AVAILABILITY = YES_AGGRESSIVE;
				CLANG_WARN_UNREACHABLE_CODE = YES;
				CLANG_WARN__DUPLICATE_METHOD_MATCH = YES;
				COPY_PHASE_STRIP = NO;
				CURRENT_PROJECT_VERSION = 1;
				DEBUG_INFORMATION_FORMAT = dwarf;
				ENABLE_STRICT_OBJC_MSGSEND = YES;
				ENABLE_TESTABILITY = YES;
				ENABLE_USER_SCRIPT_SANDBOXING = YES;
				GCC_C_LANGUAGE_STANDARD = gnu17;
				GCC_DYNAMIC_NO_PIC = NO;
				GCC_NO_COMMON_BLOCKS = YES;
				GCC_OPTIMIZATION_LEVEL = 0;
				GCC_PREPROCESSOR_DEFINITIONS = (
					"DEBUG=1",
					"$(inherited)",
				);
				GCC_WARN_64_TO_32_BIT_CONVERSION = YES;
				GCC_WARN_ABOUT_RETURN_TYPE = YES_ERROR;
				GCC_WARN_UNDECLARED_SELECTOR = YES;
				GCC_WARN_UNINITIALIZED_AUTOS = YES_AGGRESSIVE;
				GCC_WARN_UNUSED_FUNCTION = YES;
				GCC_WARN_UNUSED_VARIABLE = YES;
				IPHONEOS_DEPLOYMENT_TARGET = 18.5;
				LOCALIZATION_PREFERS_STRING_CATALOGS = YES;
				MTL_ENABLE_DEBUG_INFO = INCLUDE_SOURCE;
				MTL_FAST_MATH = YES;
				ONLY_ACTIVE_ARCH = YES;
				SDKROOT = iphoneos;
				SWIFT_ACTIVE_COMPILATION_CONDITIONS = "DEBUG $(inherited)";
				SWIFT_OPTIMIZATION_LEVEL = "-Onone";
				VERSIONING_SYSTEM = "apple-generic";
				VERSION_INFO_PREFIX = "";
			};
			name = Debug;
		};
		96B4D7682E047B56006AF33B /* Release */ = {
			isa = XCBuildConfiguration;
			buildSettings = {
				ALWAYS_SEARCH_USER_PATHS = NO;
				ASSETCATALOG_COMPILER_GENERATE_SWIFT_ASSET_SYMBOL_EXTENSIONS = YES;
				CLANG_ANALYZER_LOCALIZABILITY_NONLOCALIZED = YES;
				CLANG_ANALYZER_NONNULL = YES;
				CLANG_ANALYZER_NUMBER_OBJECT_CONVERSION = YES_AGGRESSIVE;
				CLANG_CXX_LANGUAGE_STANDARD = "gnu++20";
				CLANG_ENABLE_MODULES = YES;
				CLANG_ENABLE_OBJC_ARC = YES;
				CLANG_ENABLE_OBJC_WEAK = YES;
				CLANG_WARN_BLOCK_CAPTURE_AUTORELEASING = YES;
				CLANG_WARN_BOOL_CONVERSION = YES;
				CLANG_WARN_COMMA = YES;
				CLANG_WARN_CONSTANT_CONVERSION = YES;
				CLANG_WARN_DEPRECATED_OBJC_IMPLEMENTATIONS = YES;
				CLANG_WARN_DIRECT_OBJC_ISA_USAGE = YES_ERROR;
				CLANG_WARN_DOCUMENTATION_COMMENTS = YES;
				CLANG_WARN_EMPTY_BODY = YES;
				CLANG_WARN_ENUM_CONVERSION = YES;
				CLANG_WARN_INFINITE_RECURSION = YES;
				CLANG_WARN_INT_CONVERSION = YES;
				CLANG_WARN_NON_LITERAL_NULL_CONVERSION = YES;
				CLANG_WARN_OBJC_IMPLICIT_RETAIN_SELF = YES;
				CLANG_WARN_OBJC_LITERAL_CONVERSION = YES;
				CLANG_WARN_OBJC_ROOT_CLASS = YES_ERROR;
				CLANG_WARN_QUOTED_INCLUDE_IN_FRAMEWORK_HEADER = YES;
				CLANG_WARN_RANGE_LOOP_ANALYSIS = YES;
				CLANG_WARN_STRICT_PROTOTYPES = YES;
				CLANG_WARN_SUSPICIOUS_MOVE = YES;
				CLANG_WARN_UNGUARDED_AVAILABILITY = YES_AGGRESSIVE;
				CLANG_WARN_UNREACHABLE_CODE = YES;
				CLANG_WARN__DUPLICATE_METHOD_MATCH = YES;
				COPY_PHASE_STRIP = NO;
				CURRENT_PROJECT_VERSION = 1;
				DEBUG_INFORMATION_FORMAT = "dwarf-with-dsym";
				ENABLE_NS_ASSERTIONS = NO;
				ENABLE_STRICT_OBJC_MSGSEND = YES;
				ENABLE_USER_SCRIPT_SANDBOXING = YES;
				GCC_C_LANGUAGE_STANDARD = gnu17;
				GCC_NO_COMMON_BLOCKS = YES;
				GCC_WARN_64_TO_32_BIT_CONVERSION = YES;
				GCC_WARN_ABOUT_RETURN_TYPE = YES_ERROR;
				GCC_WARN_UNDECLARED_SELECTOR = YES;
				GCC_WARN_UNINITIALIZED_AUTOS = YES_AGGRESSIVE;
				GCC_WARN_UNUSED_FUNCTION = YES;
				GCC_WARN_UNUSED_VARIABLE = YES;
				IPHONEOS_DEPLOYMENT_TARGET = 18.5;
				LOCALIZATION_PREFERS_STRING_CATALOGS = YES;
				MTL_ENABLE_DEBUG_INFO = NO;
				MTL_FAST_MATH = YES;
				SDKROOT = iphoneos;
				SWIFT_COMPILATION_MODE = wholemodule;
				VALIDATE_PRODUCT = YES;
				VERSIONING_SYSTEM = "apple-generic";
				VERSION_INFO_PREFIX = "";
			};
			name = Release;
		};
		96B4D76A2E047B56006AF33B /* Debug */ = {
			isa = XCBuildConfiguration;
			buildSettings = {
				BUILD_LIBRARY_FOR_DISTRIBUTION = YES;
				CODE_SIGN_STYLE = Automatic;
				CURRENT_PROJECT_VERSION = 1;
				DYLIB_COMPATIBILITY_VERSION = 1;
				DYLIB_CURRENT_VERSION = 1;
				DYLIB_INSTALL_NAME_BASE = "@rpath";
				ENABLE_MODULE_VERIFIER = YES;
				GENERATE_INFOPLIST_FILE = YES;
				INFOPLIST_KEY_NSHumanReadableCopyright = "";
				INSTALL_PATH = "$(LOCAL_LIBRARY_DIR)/Frameworks";
				LD_RUNPATH_SEARCH_PATHS = (
					"$(inherited)",
					"@executable_path/Frameworks",
					"@loader_path/Frameworks",
				);
				MARKETING_VERSION = 1.0;
				MODULE_VERIFIER_SUPPORTED_LANGUAGES = "objective-c objective-c++";
				MODULE_VERIFIER_SUPPORTED_LANGUAGE_STANDARDS = "gnu17 gnu++20";
				PRODUCT_BUNDLE_IDENTIFIER = cinncinatiai.BabyJournal;
				PRODUCT_NAME = "$(TARGET_NAME:c99extidentifier)";
				SKIP_INSTALL = YES;
				SWIFT_EMIT_LOC_STRINGS = YES;
				SWIFT_INSTALL_MODULE = YES;
				SWIFT_INSTALL_OBJC_HEADER = NO;
				SWIFT_VERSION = 5.0;
				TARGETED_DEVICE_FAMILY = "1,2";
			};
			name = Debug;
		};
		96B4D76B2E047B56006AF33B /* Release */ = {
			isa = XCBuildConfiguration;
			buildSettings = {
				BUILD_LIBRARY_FOR_DISTRIBUTION = YES;
				CODE_SIGN_STYLE = Automatic;
				CURRENT_PROJECT_VERSION = 1;
				DYLIB_COMPATIBILITY_VERSION = 1;
				DYLIB_CURRENT_VERSION = 1;
				DYLIB_INSTALL_NAME_BASE = "@rpath";
				ENABLE_MODULE_VERIFIER = YES;
				GENERATE_INFOPLIST_FILE = YES;
				INFOPLIST_KEY_NSHumanReadableCopyright = "";
				INSTALL_PATH = "$(LOCAL_LIBRARY_DIR)/Frameworks";
				LD_RUNPATH_SEARCH_PATHS = (
					"$(inherited)",
					"@executable_path/Frameworks",
					"@loader_path/Frameworks",
				);
				MARKETING_VERSION = 1.0;
				MODULE_VERIFIER_SUPPORTED_LANGUAGES = "objective-c objective-c++";
				MODULE_VERIFIER_SUPPORTED_LANGUAGE_STANDARDS = "gnu17 gnu++20";
				PRODUCT_BUNDLE_IDENTIFIER = cinncinatiai.BabyJournal;
				PRODUCT_NAME = "$(TARGET_NAME:c99extidentifier)";
				SKIP_INSTALL = YES;
				SWIFT_EMIT_LOC_STRINGS = YES;
				SWIFT_INSTALL_MODULE = YES;
				SWIFT_INSTALL_OBJC_HEADER = NO;
				SWIFT_VERSION = 5.0;
				TARGETED_DEVICE_FAMILY = "1,2";
			};
			name = Release;
		};
/* End XCBuildConfiguration section */

/* Begin XCConfigurationList section */
		96B4D75A2E047B56006AF33B /* Build configuration list for PBXProject "BabyJournal" */ = {
			isa = XCConfigurationList;
			buildConfigurations = (
				96B4D7672E047B56006AF33B /* Debug */,
				96B4D7682E047B56006AF33B /* Release */,
			);
			defaultConfigurationIsVisible = 0;
			defaultConfigurationName = Release;
		};
		96B4D7692E047B56006AF33B /* Build configuration list for PBXNativeTarget "BabyJournal" */ = {
			isa = XCConfigurationList;
			buildConfigurations = (
				96B4D76A2E047B56006AF33B /* Debug */,
				96B4D76B2E047B56006AF33B /* Release */,
			);
			defaultConfigurationIsVisible = 0;
			defaultConfigurationName = Release;
		};
/* End XCConfigurationList section */
	};
	rootObject = 96B4D7572E047B56006AF33B /* Project object */;
}
