// !$*UTF8*$!
{
	archiveVersion = 1;
	classes = {
	};
	objectVersion = 77;
	objects = {

/* Begin PBXBuildFile section */
		11E0B5A12DA3BD8000241E69 /* FirebaseAnalytics in Frameworks */ = {isa = PBXBuildFile; productRef = 11E0B5A02DA3BD8000241E69 /* FirebaseAnalytics */; };
		11E0B5A32DA3BD8000241E69 /* FirebaseAnalyticsOnDeviceConversion in Frameworks */ = {isa = PBXBuildFile; productRef = 11E0B5A22DA3BD8000241E69 /* FirebaseAnalyticsOnDeviceConversion */; };
		11E0B5A52DA3BD8000241E69 /* FirebaseAnalyticsWithoutAdIdSupport in Frameworks */ = {isa = PBXBuildFile; productRef = 11E0B5A42DA3BD8000241E69 /* FirebaseAnalyticsWithoutAdIdSupport */; };
		11E0B5A72DA3BD8000241E69 /* FirebaseAuth in Frameworks */ = {isa = PBXBuildFile; productRef = 11E0B5A62DA3BD8000241E69 /* FirebaseAuth */; };
		11E0B5A92DA3BD8000241E69 /* FirebaseCore in Frameworks */ = {isa = PBXBuildFile; productRef = 11E0B5A82DA3BD8000241E69 /* FirebaseCore */; };
		11E0B5AB2DA3BD8000241E69 /* FirebaseCrashlytics in Frameworks */ = {isa = PBXBuildFile; productRef = 11E0B5AA2DA3BD8000241E69 /* FirebaseCrashlytics */; };
		11E0B5AD2DA3BD8000241E69 /* FirebaseDatabase in Frameworks */ = {isa = PBXBuildFile; productRef = 11E0B5AC2DA3BD8000241E69 /* FirebaseDatabase */; };
		11E0B5AF2DA3BD8000241E69 /* FirebaseFirestore in Frameworks */ = {isa = PBXBuildFile; productRef = 11E0B5AE2DA3BD8000241E69 /* FirebaseFirestore */; };
		11E0B5B12DA3BD8000241E69 /* FirebaseStorage in Frameworks */ = {isa = PBXBuildFile; productRef = 11E0B5B02DA3BD8000241E69 /* FirebaseStorage */; };
/* End PBXBuildFile section */

/* Begin PBXFileReference section */
		F57B508D2D92F15700834E68 /* BabbleBuddyApp.app */ = {isa = PBXFileReference; explicitFileType = wrapper.application; includeInIndex = 0; path = BabbleBuddyApp.app; sourceTree = BUILT_PRODUCTS_DIR; };
/* End PBXFileReference section */

/* Begin PBXFileSystemSynchronizedBuildFileExceptionSet section */
		F57B509F2D92F15900834E68 /* Exceptions for "BabbleBuddyApp" folder in "BabbleBuddyApp" target */ = {
			isa = PBXFileSystemSynchronizedBuildFileExceptionSet;
			membershipExceptions = (
				Info.plist,
			);
			target = F57B508C2D92F15700834E68 /* BabbleBuddyApp */;
		};
/* End PBXFileSystemSynchronizedBuildFileExceptionSet section */

/* Begin PBXFileSystemSynchronizedRootGroup section */
		F57B508F2D92F15700834E68 /* BabbleBuddyApp */ = {
			isa = PBXFileSystemSynchronizedRootGroup;
			exceptions = (
				F57B509F2D92F15900834E68 /* Exceptions for "BabbleBuddyApp" folder in "BabbleBuddyApp" target */,
			);
			path = BabbleBuddyApp;
			sourceTree = "<group>";
		};
/* End PBXFileSystemSynchronizedRootGroup section */

/* Begin PBXFrameworksBuildPhase section */
		F57B508A2D92F15700834E68 /* Frameworks */ = {
			isa = PBXFrameworksBuildPhase;
			buildActionMask = 2147483647;
			files = (
				11E0B5A12DA3BD8000241E69 /* FirebaseAnalytics in Frameworks */,
				11E0B5A92DA3BD8000241E69 /* FirebaseCore in Frameworks */,
				11E0B5B12DA3BD8000241E69 /* FirebaseStorage in Frameworks */,
				11E0B5A52DA3BD8000241E69 /* FirebaseAnalyticsWithoutAdIdSupport in Frameworks */,
				11E0B5AB2DA3BD8000241E69 /* FirebaseCrashlytics in Frameworks */,
				11E0B5A32DA3BD8000241E69 /* FirebaseAnalyticsOnDeviceConversion in Frameworks */,
				11E0B5AF2DA3BD8000241E69 /* FirebaseFirestore in Frameworks */,
				11E0B5AD2DA3BD8000241E69 /* FirebaseDatabase in Frameworks */,
				11E0B5A72DA3BD8000241E69 /* FirebaseAuth in Frameworks */,
			);
			runOnlyForDeploymentPostprocessing = 0;
		};
/* End PBXFrameworksBuildPhase section */

/* Begin PBXGroup section */
		F57B50842D92F15700834E68 = {
			isa = PBXGroup;
			children = (
				F57B508F2D92F15700834E68 /* BabbleBuddyApp */,
				F57B508E2D92F15700834E68 /* Products */,
			);
			sourceTree = "<group>";
		};
		F57B508E2D92F15700834E68 /* Products */ = {
			isa = PBXGroup;
			children = (
				F57B508D2D92F15700834E68 /* BabbleBuddyApp.app */,
			);
			name = Products;
			sourceTree = "<group>";
		};
/* End PBXGroup section */

/* Begin PBXNativeTarget section */
		F57B508C2D92F15700834E68 /* BabbleBuddyApp */ = {
			isa = PBXNativeTarget;
			buildConfigurationList = F57B50A02D92F15900834E68 /* Build configuration list for PBXNativeTarget "BabbleBuddyApp" */;
			buildPhases = (
				F57B50892D92F15700834E68 /* Sources */,
				F57B508A2D92F15700834E68 /* Frameworks */,
				F57B508B2D92F15700834E68 /* Resources */,
				F57B51492D92F80500834E68 /* Run Script */,
				11E0B5E02DA3C1EC00241E69 /* Run Script */,
			);
			buildRules = (
			);
			dependencies = (
			);
			fileSystemSynchronizedGroups = (
				F57B508F2D92F15700834E68 /* BabbleBuddyApp */,
			);
			name = BabbleBuddyApp;
			packageProductDependencies = (
				11E0B5A02DA3BD8000241E69 /* FirebaseAnalytics */,
				11E0B5A22DA3BD8000241E69 /* FirebaseAnalyticsOnDeviceConversion */,
				11E0B5A42DA3BD8000241E69 /* FirebaseAnalyticsWithoutAdIdSupport */,
				11E0B5A62DA3BD8000241E69 /* FirebaseAuth */,
				11E0B5A82DA3BD8000241E69 /* FirebaseCore */,
				11E0B5AA2DA3BD8000241E69 /* FirebaseCrashlytics */,
				11E0B5AC2DA3BD8000241E69 /* FirebaseDatabase */,
				11E0B5AE2DA3BD8000241E69 /* FirebaseFirestore */,
				11E0B5B02DA3BD8000241E69 /* FirebaseStorage */,
			);
			productName = BabbleBuddyApp;
			productReference = F57B508D2D92F15700834E68 /* BabbleBuddyApp.app */;
			productType = "com.apple.product-type.application";
		};
/* End PBXNativeTarget section */

/* Begin PBXProject section */
		F57B50852D92F15700834E68 /* Project object */ = {
			isa = PBXProject;
			attributes = {
				BuildIndependentTargetsInParallel = 1;
				LastSwiftUpdateCheck = 1620;
				LastUpgradeCheck = 1620;
				TargetAttributes = {
					F57B508C2D92F15700834E68 = {
						CreatedOnToolsVersion = 16.2;
					};
				};
			};
			buildConfigurationList = F57B50882D92F15700834E68 /* Build configuration list for PBXProject "BabbleBuddyApp" */;
			developmentRegion = en;
			hasScannedForEncodings = 0;
			knownRegions = (
				en,
				Base,
				"es-419",
			);
			mainGroup = F57B50842D92F15700834E68;
			minimizedProjectReferenceProxies = 1;
			packageReferences = (
				11E0B59F2DA3BD8000241E69 /* XCRemoteSwiftPackageReference "firebase-ios-sdk" */,
			);
			preferredProjectObjectVersion = 77;
			productRefGroup = F57B508E2D92F15700834E68 /* Products */;
			projectDirPath = "";
			projectRoot = "";
			targets = (
				F57B508C2D92F15700834E68 /* BabbleBuddyApp */,
			);
		};
/* End PBXProject section */

/* Begin PBXResourcesBuildPhase section */
		F57B508B2D92F15700834E68 /* Resources */ = {
			isa = PBXResourcesBuildPhase;
			buildActionMask = 2147483647;
			files = (
			);
			runOnlyForDeploymentPostprocessing = 0;
		};
/* End PBXResourcesBuildPhase section */

/* Begin PBXShellScriptBuildPhase section */
		11E0B5E02DA3C1EC00241E69 /* Run Script */ = {
			isa = PBXShellScriptBuildPhase;
			buildActionMask = 2147483647;
			files = (
			);
			inputFileListPaths = (
			);
			inputPaths = (
				"${DWARF_DSYM_FOLDER_PATH}/${DWARF_DSYM_FILE_NAME}",
				"${DWARF_DSYM_FOLDER_PATH}/${DWARF_DSYM_FILE_NAME}/Contents/Resources/DWARF/${PRODUCT_NAME}",
				"${DWARF_DSYM_FOLDER_PATH}/${DWARF_DSYM_FILE_NAME}/Contents/Info.plist",
				"$(TARGET_BUILD_DIR)/$(UNLOCALIZED_RESOURCES_FOLDER_PATH)/GoogleService-Info.plist",
				"$(TARGET_BUILD_DIR)/$(EXECUTABLE_PATH)",
			);
			name = "Run Script";
			outputFileListPaths = (
			);
			outputPaths = (
			);
			runOnlyForDeploymentPostprocessing = 0;
			shellPath = /bin/sh;
			shellScript = "# Type a script or drag a script file from your workspace to insert its path.\n\"${BUILD_DIR%/Build/*}/SourcePackages/checkouts/firebase-ios-sdk/Crashlytics/run\"\n";
		};
		F57B51492D92F80500834E68 /* Run Script */ = {
			isa = PBXShellScriptBuildPhase;
			alwaysOutOfDate = 1;
			buildActionMask = 2147483647;
			files = (
			);
			inputFileListPaths = (
			);
			inputPaths = (
			);
			name = "Run Script";
			outputFileListPaths = (
			);
			outputPaths = (
			);
			runOnlyForDeploymentPostprocessing = 0;
			shellPath = /bin/sh;
			shellScript = "if [[ \"$(uname -m)\" == arm64 ]]; then\n    export PATH=\"/opt/homebrew/bin:$PATH\"\nfi\n\nif which swiftlint > /dev/null; then\n  swiftlint\nelse\n  echo \"warning: SwiftLint not installed, download from https://github.com/realm/SwiftLint\"\nfi\n";
			showEnvVarsInLog = 0;
		};
/* End PBXShellScriptBuildPhase section */

/* Begin PBXSourcesBuildPhase section */
		F57B50892D92F15700834E68 /* Sources */ = {
			isa = PBXSourcesBuildPhase;
			buildActionMask = 2147483647;
			files = (
			);
			runOnlyForDeploymentPostprocessing = 0;
		};
/* End PBXSourcesBuildPhase section */

/* Begin XCBuildConfiguration section */
		F57B50A12D92F15900834E68 /* Debug */ = {
			isa = XCBuildConfiguration;
			buildSettings = {
				ASSETCATALOG_COMPILER_APPICON_NAME = AppIcon;
				ASSETCATALOG_COMPILER_GLOBAL_ACCENT_COLOR_NAME = AccentColor;
				CODE_SIGN_STYLE = Automatic;
				CURRENT_PROJECT_VERSION = 1;
				DEBUG_INFORMATION_FORMAT = "dwarf-with-dsym";
				DEVELOPMENT_TEAM = T66WJZW8RX;
				GENERATE_INFOPLIST_FILE = YES;
				INFOPLIST_FILE = BabbleBuddyApp/Info.plist;
				INFOPLIST_KEY_UIApplicationSupportsIndirectInputEvents = YES;
				INFOPLIST_KEY_UILaunchStoryboardName = LaunchScreen;
				INFOPLIST_KEY_UIMainStoryboardFile = Main;
				INFOPLIST_KEY_UISupportedInterfaceOrientations_iPad = "UIInterfaceOrientationPortrait UIInterfaceOrientationPortraitUpsideDown UIInterfaceOrientationLandscapeLeft UIInterfaceOrientationLandscapeRight";
				INFOPLIST_KEY_UISupportedInterfaceOrientations_iPhone = "UIInterfaceOrientationPortrait UIInterfaceOrientationLandscapeLeft UIInterfaceOrientationLandscapeRight";
				LD_RUNPATH_SEARCH_PATHS = (
					"$(inherited)",
					"@executable_path/Frameworks",
				);
				MARKETING_VERSION = 1.0;
				PRODUCT_BUNDLE_IDENTIFIER = com.Dionicio.BabbleBuddyApp;
				PRODUCT_NAME = "$(TARGET_NAME)";
				SWIFT_EMIT_LOC_STRINGS = YES;
				SWIFT_VERSION = 5.0;
				TARGETED_DEVICE_FAMILY = "1,2";
			};
			name = Debug;
		};
		F57B50A22D92F15900834E68 /* Release */ = {
			isa = XCBuildConfiguration;
			buildSettings = {
				ASSETCATALOG_COMPILER_APPICON_NAME = AppIcon;
				ASSETCATALOG_COMPILER_GLOBAL_ACCENT_COLOR_NAME = AccentColor;
				CODE_SIGN_STYLE = Automatic;
				CURRENT_PROJECT_VERSION = 1;
				DEVELOPMENT_TEAM = T66WJZW8RX;
				GENERATE_INFOPLIST_FILE = YES;
				INFOPLIST_FILE = BabbleBuddyApp/Info.plist;
				INFOPLIST_KEY_UIApplicationSupportsIndirectInputEvents = YES;
				INFOPLIST_KEY_UILaunchStoryboardName = LaunchScreen;
				INFOPLIST_KEY_UIMainStoryboardFile = Main;
				INFOPLIST_KEY_UISupportedInterfaceOrientations_iPad = "UIInterfaceOrientationPortrait UIInterfaceOrientationPortraitUpsideDown UIInterfaceOrientationLandscapeLeft UIInterfaceOrientationLandscapeRight";
				INFOPLIST_KEY_UISupportedInterfaceOrientations_iPhone = "UIInterfaceOrientationPortrait UIInterfaceOrientationLandscapeLeft UIInterfaceOrientationLandscapeRight";
				LD_RUNPATH_SEARCH_PATHS = (
					"$(inherited)",
					"@executable_path/Frameworks",
				);
				MARKETING_VERSION = 1.0;
				PRODUCT_BUNDLE_IDENTIFIER = com.Dionicio.BabbleBuddyApp;
				PRODUCT_NAME = "$(TARGET_NAME)";
				SWIFT_EMIT_LOC_STRINGS = YES;
				SWIFT_VERSION = 5.0;
				TARGETED_DEVICE_FAMILY = "1,2";
			};
			name = Release;
		};
		F57B50A32D92F15900834E68 /* Debug */ = {
			isa = XCBuildConfiguration;
			buildSettings = {
				ALWAYS_SEARCH_USER_PATHS = NO;
				ASSETCATALOG_COMPILER_GENERATE_SWIFT_ASSET_SYMBOL_EXTENSIONS = YES;
				CLANG_ANALYZER_NONNULL = YES;
				CLANG_ANALYZER_NUMBER_OBJECT_CONVERSION = YES_AGGRESSIVE;
				CLANG_CXX_LANGUAGE_STANDARD = "gnu++20";
				CLANG_ENABLE_MODULES = YES;
				CLANG_ENABLE_OBJC_ARC = YES;
				CLANG_ENABLE_OBJC_WEAK = YES;
				CLANG_WARN_BLOCK_CAPTURE_AUTORELEASING = YES;
				CLANG_WARN_BOOL_CONVERSION = YES;
				CLANG_WARN_COMMA = YES;
				CLANG_WARN_CONSTANT_CONVERSION = YES;
				CLANG_WARN_DEPRECATED_OBJC_IMPLEMENTATIONS = YES;
				CLANG_WARN_DIRECT_OBJC_ISA_USAGE = YES_ERROR;
				CLANG_WARN_DOCUMENTATION_COMMENTS = YES;
				CLANG_WARN_EMPTY_BODY = YES;
				CLANG_WARN_ENUM_CONVERSION = YES;
				CLANG_WARN_INFINITE_RECURSION = YES;
				CLANG_WARN_INT_CONVERSION = YES;
				CLANG_WARN_NON_LITERAL_NULL_CONVERSION = YES;
				CLANG_WARN_OBJC_IMPLICIT_RETAIN_SELF = YES;
				CLANG_WARN_OBJC_LITERAL_CONVERSION = YES;
				CLANG_WARN_OBJC_ROOT_CLASS = YES_ERROR;
				CLANG_WARN_QUOTED_INCLUDE_IN_FRAMEWORK_HEADER = YES;
				CLANG_WARN_RANGE_LOOP_ANALYSIS = YES;
				CLANG_WARN_STRICT_PROTOTYPES = YES;
				CLANG_WARN_SUSPICIOUS_MOVE = YES;
				CLANG_WARN_UNGUARDED_AVAILABILITY = YES_AGGRESSIVE;
				CLANG_WARN_UNREACHABLE_CODE = YES;
				CLANG_WARN__DUPLICATE_METHOD_MATCH = YES;
				COPY_PHASE_STRIP = NO;
				DEBUG_INFORMATION_FORMAT = dwarf;
				ENABLE_STRICT_OBJC_MSGSEND = YES;
				ENABLE_TESTABILITY = YES;
				ENABLE_USER_SCRIPT_SANDBOXING = NO;
				GCC_C_LANGUAGE_STANDARD = gnu17;
				GCC_DYNAMIC_NO_PIC = NO;
				GCC_NO_COMMON_BLOCKS = YES;
				GCC_OPTIMIZATION_LEVEL = 0;
				GCC_PREPROCESSOR_DEFINITIONS = (
					"DEBUG=1",
					"$(inherited)",
				);
				GCC_WARN_64_TO_32_BIT_CONVERSION = YES;
				GCC_WARN_ABOUT_RETURN_TYPE = YES_ERROR;
				GCC_WARN_UNDECLARED_SELECTOR = YES;
				GCC_WARN_UNINITIALIZED_AUTOS = YES_AGGRESSIVE;
				GCC_WARN_UNUSED_FUNCTION = YES;
				GCC_WARN_UNUSED_VARIABLE = YES;
				IPHONEOS_DEPLOYMENT_TARGET = 18.2;
				LOCALIZATION_PREFERS_STRING_CATALOGS = YES;
				MTL_ENABLE_DEBUG_INFO = INCLUDE_SOURCE;
				MTL_FAST_MATH = YES;
				ONLY_ACTIVE_ARCH = YES;
				SDKROOT = iphoneos;
				SWIFT_ACTIVE_COMPILATION_CONDITIONS = "DEBUG $(inherited)";
				SWIFT_OPTIMIZATION_LEVEL = "-Onone";
			};
			name = Debug;
		};
		F57B50A42D92F15900834E68 /* Release */ = {
			isa = XCBuildConfiguration;
			buildSettings = {
				ALWAYS_SEARCH_USER_PATHS = NO;
				ASSETCATALOG_COMPILER_GENERATE_SWIFT_ASSET_SYMBOL_EXTENSIONS = YES;
				CLANG_ANALYZER_NONNULL = YES;
				CLANG_ANALYZER_NUMBER_OBJECT_CONVERSION = YES_AGGRESSIVE;
				CLANG_CXX_LANGUAGE_STANDARD = "gnu++20";
				CLANG_ENABLE_MODULES = YES;
				CLANG_ENABLE_OBJC_ARC = YES;
				CLANG_ENABLE_OBJC_WEAK = YES;
				CLANG_WARN_BLOCK_CAPTURE_AUTORELEASING = YES;
				CLANG_WARN_BOOL_CONVERSION = YES;
				CLANG_WARN_COMMA = YES;
				CLANG_WARN_CONSTANT_CONVERSION = YES;
				CLANG_WARN_DEPRECATED_OBJC_IMPLEMENTATIONS = YES;
				CLANG_WARN_DIRECT_OBJC_ISA_USAGE = YES_ERROR;
				CLANG_WARN_DOCUMENTATION_COMMENTS = YES;
				CLANG_WARN_EMPTY_BODY = YES;
				CLANG_WARN_ENUM_CONVERSION = YES;
				CLANG_WARN_INFINITE_RECURSION = YES;
				CLANG_WARN_INT_CONVERSION = YES;
				CLANG_WARN_NON_LITERAL_NULL_CONVERSION = YES;
				CLANG_WARN_OBJC_IMPLICIT_RETAIN_SELF = YES;
				CLANG_WARN_OBJC_LITERAL_CONVERSION = YES;
				CLANG_WARN_OBJC_ROOT_CLASS = YES_ERROR;
				CLANG_WARN_QUOTED_INCLUDE_IN_FRAMEWORK_HEADER = YES;
				CLANG_WARN_RANGE_LOOP_ANALYSIS = YES;
				CLANG_WARN_STRICT_PROTOTYPES = YES;
				CLANG_WARN_SUSPICIOUS_MOVE = YES;
				CLANG_WARN_UNGUARDED_AVAILABILITY = YES_AGGRESSIVE;
				CLANG_WARN_UNREACHABLE_CODE = YES;
				CLANG_WARN__DUPLICATE_METHOD_MATCH = YES;
				COPY_PHASE_STRIP = NO;
				DEBUG_INFORMATION_FORMAT = "dwarf-with-dsym";
				ENABLE_NS_ASSERTIONS = NO;
				ENABLE_STRICT_OBJC_MSGSEND = YES;
				ENABLE_USER_SCRIPT_SANDBOXING = NO;
				GCC_C_LANGUAGE_STANDARD = gnu17;
				GCC_NO_COMMON_BLOCKS = YES;
				GCC_WARN_64_TO_32_BIT_CONVERSION = YES;
				GCC_WARN_ABOUT_RETURN_TYPE = YES_ERROR;
				GCC_WARN_UNDECLARED_SELECTOR = YES;
				GCC_WARN_UNINITIALIZED_AUTOS = YES_AGGRESSIVE;
				GCC_WARN_UNUSED_FUNCTION = YES;
				GCC_WARN_UNUSED_VARIABLE = YES;
				IPHONEOS_DEPLOYMENT_TARGET = 18.2;
				LOCALIZATION_PREFERS_STRING_CATALOGS = YES;
				MTL_ENABLE_DEBUG_INFO = NO;
				MTL_FAST_MATH = YES;
				SDKROOT = iphoneos;
				SWIFT_COMPILATION_MODE = wholemodule;
				VALIDATE_PRODUCT = YES;
			};
			name = Release;
		};
/* End XCBuildConfiguration section */

/* Begin XCConfigurationList section */
		F57B50882D92F15700834E68 /* Build configuration list for PBXProject "BabbleBuddyApp" */ = {
			isa = XCConfigurationList;
			buildConfigurations = (
				F57B50A32D92F15900834E68 /* Debug */,
				F57B50A42D92F15900834E68 /* Release */,
			);
			defaultConfigurationIsVisible = 0;
			defaultConfigurationName = Release;
		};
		F57B50A02D92F15900834E68 /* Build configuration list for PBXNativeTarget "BabbleBuddyApp" */ = {
			isa = XCConfigurationList;
			buildConfigurations = (
				F57B50A12D92F15900834E68 /* Debug */,
				F57B50A22D92F15900834E68 /* Release */,
			);
			defaultConfigurationIsVisible = 0;
			defaultConfigurationName = Release;
		};
/* End XCConfigurationList section */

/* Begin XCRemoteSwiftPackageReference section */
		11E0B59F2DA3BD8000241E69 /* XCRemoteSwiftPackageReference "firebase-ios-sdk" */ = {
			isa = XCRemoteSwiftPackageReference;
			repositoryURL = "https://github.com/firebase/firebase-ios-sdk";
			requirement = {
				kind = upToNextMajorVersion;
				minimumVersion = 11.11.0;
			};
		};
/* End XCRemoteSwiftPackageReference section */

/* Begin XCSwiftPackageProductDependency section */
		11E0B5A02DA3BD8000241E69 /* FirebaseAnalytics */ = {
			isa = XCSwiftPackageProductDependency;
			package = 11E0B59F2DA3BD8000241E69 /* XCRemoteSwiftPackageReference "firebase-ios-sdk" */;
			productName = FirebaseAnalytics;
		};
		11E0B5A22DA3BD8000241E69 /* FirebaseAnalyticsOnDeviceConversion */ = {
			isa = XCSwiftPackageProductDependency;
			package = 11E0B59F2DA3BD8000241E69 /* XCRemoteSwiftPackageReference "firebase-ios-sdk" */;
			productName = FirebaseAnalyticsOnDeviceConversion;
		};
		11E0B5A42DA3BD8000241E69 /* FirebaseAnalyticsWithoutAdIdSupport */ = {
			isa = XCSwiftPackageProductDependency;
			package = 11E0B59F2DA3BD8000241E69 /* XCRemoteSwiftPackageReference "firebase-ios-sdk" */;
			productName = FirebaseAnalyticsWithoutAdIdSupport;
		};
		11E0B5A62DA3BD8000241E69 /* FirebaseAuth */ = {
			isa = XCSwiftPackageProductDependency;
			package = 11E0B59F2DA3BD8000241E69 /* XCRemoteSwiftPackageReference "firebase-ios-sdk" */;
			productName = FirebaseAuth;
		};
		11E0B5A82DA3BD8000241E69 /* FirebaseCore */ = {
			isa = XCSwiftPackageProductDependency;
			package = 11E0B59F2DA3BD8000241E69 /* XCRemoteSwiftPackageReference "firebase-ios-sdk" */;
			productName = FirebaseCore;
		};
		11E0B5AA2DA3BD8000241E69 /* FirebaseCrashlytics */ = {
			isa = XCSwiftPackageProductDependency;
			package = 11E0B59F2DA3BD8000241E69 /* XCRemoteSwiftPackageReference "firebase-ios-sdk" */;
			productName = FirebaseCrashlytics;
		};
		11E0B5AC2DA3BD8000241E69 /* FirebaseDatabase */ = {
			isa = XCSwiftPackageProductDependency;
			package = 11E0B59F2DA3BD8000241E69 /* XCRemoteSwiftPackageReference "firebase-ios-sdk" */;
			productName = FirebaseDatabase;
		};
		11E0B5AE2DA3BD8000241E69 /* FirebaseFirestore */ = {
			isa = XCSwiftPackageProductDependency;
			package = 11E0B59F2DA3BD8000241E69 /* XCRemoteSwiftPackageReference "firebase-ios-sdk" */;
			productName = FirebaseFirestore;
		};
		11E0B5B02DA3BD8000241E69 /* FirebaseStorage */ = {
			isa = XCSwiftPackageProductDependency;
			package = 11E0B59F2DA3BD8000241E69 /* XCRemoteSwiftPackageReference "firebase-ios-sdk" */;
			productName = FirebaseStorage;
		};
/* End XCSwiftPackageProductDependency section */
	};
	rootObject = F57B50852D92F15700834E68 /* Project object */;
}
