// !$*UTF8*$!
{
	archiveVersion = 1;
	classes = {
	};
	objectVersion = 77;
	objects = {

/* Begin PBXBuildFile section */
		966FCD2B2DFC9E2A008B4114 /* DesignKit.framework in Frameworks */ = {isa = PBXBuildFile; fileRef = 966FCD2A2DFC9E2A008B4114 /* DesignKit.framework */; };
		966FCD2C2DFC9E2A008B4114 /* DesignKit.framework in Embed Frameworks */ = {isa = PBXBuildFile; fileRef = 966FCD2A2DFC9E2A008B4114 /* DesignKit.framework */; settings = {ATTRIBUTES = (CodeSignOnCopy, RemoveHeadersOnCopy, ); }; };
		966FCD312DFC9E3A008B4114 /* NetworkingKit.framework in Frameworks */ = {isa = PBXBuildFile; fileRef = 966FCD302DFC9E3A008B4114 /* NetworkingKit.framework */; };
		966FCD322DFC9E3A008B4114 /* NetworkingKit.framework in Embed Frameworks */ = {isa = PBXBuildFile; fileRef = 966FCD302DFC9E3A008B4114 /* NetworkingKit.framework */; settings = {ATTRIBUTES = (CodeSignOnCopy, RemoveHeadersOnCopy, ); }; };
		D113A8132DFFFE0400FAB64D /* BabiesListAndRegistration.framework in Frameworks */ = {isa = PBXBuildFile; fileRef = D113A8122DFFFE0400FAB64D /* BabiesListAndRegistration.framework */; };
		D113A8142DFFFE0400FAB64D /* BabiesListAndRegistration.framework in Embed Frameworks */ = {isa = PBXBuildFile; fileRef = D113A8122DFFFE0400FAB64D /* BabiesListAndRegistration.framework */; settings = {ATTRIBUTES = (CodeSignOnCopy, RemoveHeadersOnCopy, ); }; };
		D11465E52E00D11A0006E12E /* AuthLibrarySPM in Frameworks */ = {isa = PBXBuildFile; productRef = D11465E42E00D11A0006E12E /* AuthLibrarySPM */; };
		D14624C72DF9416300E052AE /* TabBar.framework in Frameworks */ = {isa = PBXBuildFile; fileRef = D14624C62DF9416300E052AE /* TabBar.framework */; };
		D14624C82DF9416300E052AE /* TabBar.framework in Embed Frameworks */ = {isa = PBXBuildFile; fileRef = D14624C62DF9416300E052AE /* TabBar.framework */; settings = {ATTRIBUTES = (CodeSignOnCopy, RemoveHeadersOnCopy, ); }; };
		D16892862E46673D0055E697 /* SettingsModule.framework in Frameworks */ = {isa = PBXBuildFile; fileRef = D16892852E46673D0055E697 /* SettingsModule.framework */; };
		D16892872E46673D0055E697 /* SettingsModule.framework in Embed Frameworks */ = {isa = PBXBuildFile; fileRef = D16892852E46673D0055E697 /* SettingsModule.framework */; settings = {ATTRIBUTES = (CodeSignOnCopy, RemoveHeadersOnCopy, ); }; };
		D1694B282DFE54770033719F /* CoreKit.framework in Frameworks */ = {isa = PBXBuildFile; fileRef = D1694B272DFE54770033719F /* CoreKit.framework */; };
		D1694B292DFE54770033719F /* CoreKit.framework in Embed Frameworks */ = {isa = PBXBuildFile; fileRef = D1694B272DFE54770033719F /* CoreKit.framework */; settings = {ATTRIBUTES = (CodeSignOnCopy, RemoveHeadersOnCopy, ); }; };
		D1977A1A2E1F20050090EB8D /* BabyJournal.framework in Frameworks */ = {isa = PBXBuildFile; fileRef = D1977A192E1F20050090EB8D /* BabyJournal.framework */; };
		D1977A1B2E1F20050090EB8D /* BabyJournal.framework in Embed Frameworks */ = {isa = PBXBuildFile; fileRef = D1977A192E1F20050090EB8D /* BabyJournal.framework */; settings = {ATTRIBUTES = (CodeSignOnCopy, RemoveHeadersOnCopy, ); }; };
		ECC8882C2DB6F10500848C01 /* SplashViewModule.framework in Frameworks */ = {isa = PBXBuildFile; fileRef = ECC8882A2DB6F0FD00848C01 /* SplashViewModule.framework */; };
		ECC8882D2DB6F10500848C01 /* SplashViewModule.framework in Embed Frameworks */ = {isa = PBXBuildFile; fileRef = ECC8882A2DB6F0FD00848C01 /* SplashViewModule.framework */; settings = {ATTRIBUTES = (CodeSignOnCopy, RemoveHeadersOnCopy, ); }; };
		ECD4A23B2DC3FEB60094E06D /* FirebaseAnalytics in Frameworks */ = {isa = PBXBuildFile; productRef = ECD4A23A2DC3FEB60094E06D /* FirebaseAnalytics */; };
		ECD4A23D2DC3FEB60094E06D /* FirebaseAuth in Frameworks */ = {isa = PBXBuildFile; productRef = ECD4A23C2DC3FEB60094E06D /* FirebaseAuth */; };
		ECD4A23F2DC3FEB60094E06D /* FirebaseCrashlytics in Frameworks */ = {isa = PBXBuildFile; productRef = ECD4A23E2DC3FEB60094E06D /* FirebaseCrashlytics */; };
		ECD4A2412DC3FEB60094E06D /* FirebaseDatabase in Frameworks */ = {isa = PBXBuildFile; productRef = ECD4A2402DC3FEB60094E06D /* FirebaseDatabase */; };
		ECD4A2432DC3FEB60094E06D /* FirebaseFirestore in Frameworks */ = {isa = PBXBuildFile; productRef = ECD4A2422DC3FEB60094E06D /* FirebaseFirestore */; };
		ECD4A2452DC3FEB60094E06D /* FirebaseRemoteConfig in Frameworks */ = {isa = PBXBuildFile; productRef = ECD4A2442DC3FEB60094E06D /* FirebaseRemoteConfig */; };
		ECD4A2472DC3FEB60094E06D /* FirebaseStorage in Frameworks */ = {isa = PBXBuildFile; productRef = ECD4A2462DC3FEB60094E06D /* FirebaseStorage */; };
		F923434C2E4D3A830041EF67 /* AuthLibrarySPM in Frameworks */ = {isa = PBXBuildFile; productRef = F923434B2E4D3A830041EF67 /* AuthLibrarySPM */; };
/* End PBXBuildFile section */

/* Begin PBXCopyFilesBuildPhase section */
		ECC8882E2DB6F10500848C01 /* Embed Frameworks */ = {
			isa = PBXCopyFilesBuildPhase;
			buildActionMask = 2147483647;
			dstPath = "";
			dstSubfolderSpec = 10;
			files = (
				966FCD322DFC9E3A008B4114 /* NetworkingKit.framework in Embed Frameworks */,
				D1977A1B2E1F20050090EB8D /* BabyJournal.framework in Embed Frameworks */,
				D113A8142DFFFE0400FAB64D /* BabiesListAndRegistration.framework in Embed Frameworks */,
				D16892872E46673D0055E697 /* SettingsModule.framework in Embed Frameworks */,
				966FCD2C2DFC9E2A008B4114 /* DesignKit.framework in Embed Frameworks */,
				D14624C82DF9416300E052AE /* TabBar.framework in Embed Frameworks */,
				D1694B292DFE54770033719F /* CoreKit.framework in Embed Frameworks */,
				ECC8882D2DB6F10500848C01 /* SplashViewModule.framework in Embed Frameworks */,
			);
			name = "Embed Frameworks";
			runOnlyForDeploymentPostprocessing = 0;
		};
/* End PBXCopyFilesBuildPhase section */

/* Begin PBXFileReference section */
		966FCD2A2DFC9E2A008B4114 /* DesignKit.framework */ = {isa = PBXFileReference; explicitFileType = wrapper.framework; path = DesignKit.framework; sourceTree = BUILT_PRODUCTS_DIR; };
		966FCD2D2DFC9E2E008B4114 /* BabiesList.framework */ = {isa = PBXFileReference; explicitFileType = wrapper.framework; path = BabiesList.framework; sourceTree = BUILT_PRODUCTS_DIR; };
		966FCD302DFC9E3A008B4114 /* NetworkingKit.framework */ = {isa = PBXFileReference; explicitFileType = wrapper.framework; path = NetworkingKit.framework; sourceTree = BUILT_PRODUCTS_DIR; };
		966FCD332DFC9EE2008B4114 /* BabiesList.framework */ = {isa = PBXFileReference; explicitFileType = wrapper.framework; path = BabiesList.framework; sourceTree = BUILT_PRODUCTS_DIR; };
		D1022DC12DFB80A200E1CF2E /* BabyRegistrationModule.framework */ = {isa = PBXFileReference; explicitFileType = wrapper.framework; path = BabyRegistrationModule.framework; sourceTree = BUILT_PRODUCTS_DIR; };
		D113A8122DFFFE0400FAB64D /* BabiesListAndRegistration.framework */ = {isa = PBXFileReference; explicitFileType = wrapper.framework; path = BabiesListAndRegistration.framework; sourceTree = BUILT_PRODUCTS_DIR; };
		D14624C62DF9416300E052AE /* TabBar.framework */ = {isa = PBXFileReference; explicitFileType = wrapper.framework; path = TabBar.framework; sourceTree = BUILT_PRODUCTS_DIR; };
		D16892852E46673D0055E697 /* SettingsModule.framework */ = {isa = PBXFileReference; explicitFileType = wrapper.framework; path = SettingsModule.framework; sourceTree = BUILT_PRODUCTS_DIR; };
		D1694B272DFE54770033719F /* CoreKit.framework */ = {isa = PBXFileReference; explicitFileType = wrapper.framework; path = CoreKit.framework; sourceTree = BUILT_PRODUCTS_DIR; };
		D1977A192E1F20050090EB8D /* BabyJournal.framework */ = {isa = PBXFileReference; explicitFileType = wrapper.framework; path = BabyJournal.framework; sourceTree = BUILT_PRODUCTS_DIR; };
		ECC8882A2DB6F0FD00848C01 /* SplashViewModule.framework */ = {isa = PBXFileReference; explicitFileType = wrapper.framework; path = SplashViewModule.framework; sourceTree = BUILT_PRODUCTS_DIR; };
		F57B508D2D92F15700834E68 /* BabbleBuddyApp.app */ = {isa = PBXFileReference; explicitFileType = wrapper.application; includeInIndex = 0; path = BabbleBuddyApp.app; sourceTree = BUILT_PRODUCTS_DIR; };
/* End PBXFileReference section */

/* Begin PBXFileSystemSynchronizedBuildFileExceptionSet section */
		F57B509F2D92F15900834E68 /* Exceptions for "BabbleBuddyApp" folder in "BabbleBuddyApp" target */ = {
			isa = PBXFileSystemSynchronizedBuildFileExceptionSet;
			membershipExceptions = (
				Info.plist,
			);
			target = F57B508C2D92F15700834E68 /* BabbleBuddyApp */;
		};
/* End PBXFileSystemSynchronizedBuildFileExceptionSet section */

/* Begin PBXFileSystemSynchronizedRootGroup section */
		F57B508F2D92F15700834E68 /* BabbleBuddyApp */ = {
			isa = PBXFileSystemSynchronizedRootGroup;
			exceptions = (
				F57B509F2D92F15900834E68 /* Exceptions for "BabbleBuddyApp" folder in "BabbleBuddyApp" target */,
			);
			path = BabbleBuddyApp;
			sourceTree = "<group>";
		};
/* End PBXFileSystemSynchronizedRootGroup section */

/* Begin PBXFrameworksBuildPhase section */
		F57B508A2D92F15700834E68 /* Frameworks */ = {
			isa = PBXFrameworksBuildPhase;
			buildActionMask = 2147483647;
			files = (
				ECD4A2412DC3FEB60094E06D /* FirebaseDatabase in Frameworks */,
				D11465E52E00D11A0006E12E /* AuthLibrarySPM in Frameworks */,
				ECC8882C2DB6F10500848C01 /* SplashViewModule.framework in Frameworks */,
				ECD4A2472DC3FEB60094E06D /* FirebaseStorage in Frameworks */,
				966FCD312DFC9E3A008B4114 /* NetworkingKit.framework in Frameworks */,
				ECD4A23F2DC3FEB60094E06D /* FirebaseCrashlytics in Frameworks */,
				ECD4A23B2DC3FEB60094E06D /* FirebaseAnalytics in Frameworks */,
				ECD4A23D2DC3FEB60094E06D /* FirebaseAuth in Frameworks */,
				F923434C2E4D3A830041EF67 /* AuthLibrarySPM in Frameworks */,
				ECD4A2432DC3FEB60094E06D /* FirebaseFirestore in Frameworks */,
				D1977A1A2E1F20050090EB8D /* BabyJournal.framework in Frameworks */,
				D113A8132DFFFE0400FAB64D /* BabiesListAndRegistration.framework in Frameworks */,
				D16892862E46673D0055E697 /* SettingsModule.framework in Frameworks */,
				966FCD2B2DFC9E2A008B4114 /* DesignKit.framework in Frameworks */,
				D14624C72DF9416300E052AE /* TabBar.framework in Frameworks */,
				ECD4A2452DC3FEB60094E06D /* FirebaseRemoteConfig in Frameworks */,
				D1694B282DFE54770033719F /* CoreKit.framework in Frameworks */,
			);
			runOnlyForDeploymentPostprocessing = 0;
		};
/* End PBXFrameworksBuildPhase section */

/* Begin PBXGroup section */
		ECC888292DB6F0FD00848C01 /* Frameworks */ = {
			isa = PBXGroup;
			children = (
				D16892852E46673D0055E697 /* SettingsModule.framework */,
				D1977A192E1F20050090EB8D /* BabyJournal.framework */,
				D113A8122DFFFE0400FAB64D /* BabiesListAndRegistration.framework */,
				D1694B272DFE54770033719F /* CoreKit.framework */,
				966FCD332DFC9EE2008B4114 /* BabiesList.framework */,
				966FCD302DFC9E3A008B4114 /* NetworkingKit.framework */,
				966FCD2D2DFC9E2E008B4114 /* BabiesList.framework */,
				966FCD2A2DFC9E2A008B4114 /* DesignKit.framework */,
				D1022DC12DFB80A200E1CF2E /* BabyRegistrationModule.framework */,
				D14624C62DF9416300E052AE /* TabBar.framework */,
				ECC8882A2DB6F0FD00848C01 /* SplashViewModule.framework */,
			);
			name = Frameworks;
			sourceTree = "<group>";
		};
		F57B50842D92F15700834E68 = {
			isa = PBXGroup;
			children = (
				F57B508F2D92F15700834E68 /* BabbleBuddyApp */,
				ECC888292DB6F0FD00848C01 /* Frameworks */,
				F57B508E2D92F15700834E68 /* Products */,
			);
			sourceTree = "<group>";
		};
		F57B508E2D92F15700834E68 /* Products */ = {
			isa = PBXGroup;
			children = (
				F57B508D2D92F15700834E68 /* BabbleBuddyApp.app */,
			);
			name = Products;
			sourceTree = "<group>";
		};
/* End PBXGroup section */

/* Begin PBXNativeTarget section */
		F57B508C2D92F15700834E68 /* BabbleBuddyApp */ = {
			isa = PBXNativeTarget;
			buildConfigurationList = F57B50A02D92F15900834E68 /* Build configuration list for PBXNativeTarget "BabbleBuddyApp" */;
			buildPhases = (
				F57B50892D92F15700834E68 /* Sources */,
				F57B51492D92F80500834E68 /* ShellScript */,
				F57B508A2D92F15700834E68 /* Frameworks */,
				F57B508B2D92F15700834E68 /* Resources */,
				ECC8882E2DB6F10500848C01 /* Embed Frameworks */,
			);
			buildRules = (
			);
			dependencies = (
			);
			fileSystemSynchronizedGroups = (
				F57B508F2D92F15700834E68 /* BabbleBuddyApp */,
			);
			name = BabbleBuddyApp;
			packageProductDependencies = (
				ECD4A23A2DC3FEB60094E06D /* FirebaseAnalytics */,
				ECD4A23C2DC3FEB60094E06D /* FirebaseAuth */,
				ECD4A23E2DC3FEB60094E06D /* FirebaseCrashlytics */,
				ECD4A2402DC3FEB60094E06D /* FirebaseDatabase */,
				ECD4A2422DC3FEB60094E06D /* FirebaseFirestore */,
				ECD4A2442DC3FEB60094E06D /* FirebaseRemoteConfig */,
				ECD4A2462DC3FEB60094E06D /* FirebaseStorage */,
				D11465E42E00D11A0006E12E /* AuthLibrarySPM */,
				F923434B2E4D3A830041EF67 /* AuthLibrarySPM */,
			);
			productName = BabbleBuddyApp;
			productReference = F57B508D2D92F15700834E68 /* BabbleBuddyApp.app */;
			productType = "com.apple.product-type.application";
		};
/* End PBXNativeTarget section */

/* Begin PBXProject section */
		F57B50852D92F15700834E68 /* Project object */ = {
			isa = PBXProject;
			attributes = {
				BuildIndependentTargetsInParallel = 1;
				LastSwiftUpdateCheck = 1620;
				LastUpgradeCheck = 1640;
				TargetAttributes = {
					F57B508C2D92F15700834E68 = {
						CreatedOnToolsVersion = 16.2;
					};
				};
			};
			buildConfigurationList = F57B50882D92F15700834E68 /* Build configuration list for PBXProject "BabbleBuddyApp" */;
			developmentRegion = en;
			hasScannedForEncodings = 0;
			knownRegions = (
				en,
				Base,
				es,
				ko,
			);
			mainGroup = F57B50842D92F15700834E68;
			minimizedProjectReferenceProxies = 1;
			packageReferences = (
				ECD4A2392DC3FEB60094E06D /* XCRemoteSwiftPackageReference "firebase-ios-sdk" */,
				F923434A2E4D3A830041EF67 /* XCRemoteSwiftPackageReference "AuthLibrarySPM" */,
			);
			preferredProjectObjectVersion = 77;
			productRefGroup = F57B508E2D92F15700834E68 /* Products */;
			projectDirPath = "";
			projectRoot = "";
			targets = (
				F57B508C2D92F15700834E68 /* BabbleBuddyApp */,
			);
		};
/* End PBXProject section */

/* Begin PBXResourcesBuildPhase section */
		F57B508B2D92F15700834E68 /* Resources */ = {
			isa = PBXResourcesBuildPhase;
			buildActionMask = 2147483647;
			files = (
			);
			runOnlyForDeploymentPostprocessing = 0;
		};
/* End PBXResourcesBuildPhase section */

/* Begin PBXShellScriptBuildPhase section */
		F57B51492D92F80500834E68 /* ShellScript */ = {
			isa = PBXShellScriptBuildPhase;
			alwaysOutOfDate = 1;
			buildActionMask = 2147483647;
			files = (
			);
			inputFileListPaths = (
			);
			inputPaths = (
			);
			outputFileListPaths = (
			);
			outputPaths = (
			);
			runOnlyForDeploymentPostprocessing = 0;
			shellPath = /bin/sh;
			shellScript = "echo \"🚨 SwiftLint is running from Build Phase\"\n\nif [[ \"$(uname -m)\" == arm64 ]]; then\n    export PATH=\"/opt/homebrew/bin:$PATH\"\nfi\n\nif which swiftlint > /dev/null; then\n  swiftlint\nelse\n  echo \"warning: SwiftLint not installed, download from https://github.com/realm/SwiftLint\"\nfi\n";
		};
/* End PBXShellScriptBuildPhase section */

/* Begin PBXSourcesBuildPhase section */
		F57B50892D92F15700834E68 /* Sources */ = {
			isa = PBXSourcesBuildPhase;
			buildActionMask = 2147483647;
			files = (
			);
			runOnlyForDeploymentPostprocessing = 0;
		};
/* End PBXSourcesBuildPhase section */

/* Begin XCBuildConfiguration section */
		F57B50A12D92F15900834E68 /* Debug */ = {
			isa = XCBuildConfiguration;
			buildSettings = {
				ASSETCATALOG_COMPILER_APPICON_NAME = AppIcon;
				ASSETCATALOG_COMPILER_GLOBAL_ACCENT_COLOR_NAME = AccentColor;
				CODE_SIGN_STYLE = Automatic;
				CURRENT_PROJECT_VERSION = 1;
				GENERATE_INFOPLIST_FILE = YES;
				INFOPLIST_FILE = BabbleBuddyApp/Info.plist;
				INFOPLIST_KEY_NSFaceIDUsageDescription = "Allow FaceID";
				INFOPLIST_KEY_UIApplicationSupportsIndirectInputEvents = YES;
				INFOPLIST_KEY_UILaunchStoryboardName = LaunchScreen;
				INFOPLIST_KEY_UISupportedInterfaceOrientations_iPad = "UIInterfaceOrientationPortrait UIInterfaceOrientationPortraitUpsideDown UIInterfaceOrientationLandscapeLeft UIInterfaceOrientationLandscapeRight";
				INFOPLIST_KEY_UISupportedInterfaceOrientations_iPhone = "UIInterfaceOrientationPortrait UIInterfaceOrientationLandscapeLeft UIInterfaceOrientationLandscapeRight";
				IPHONEOS_DEPLOYMENT_TARGET = 18.2;
				LD_RUNPATH_SEARCH_PATHS = (
					"$(inherited)",
					"@executable_path/Frameworks",
				);
				MARKETING_VERSION = 1.0;
				PRODUCT_BUNDLE_IDENTIFIER = com.CincinnatiAI.BabbleBuddyApp;
				PRODUCT_NAME = "$(TARGET_NAME)";
				SWIFT_EMIT_LOC_STRINGS = YES;
				SWIFT_VERSION = 5.0;
				TARGETED_DEVICE_FAMILY = "1,2";
			};
			name = Debug;
		};
		F57B50A22D92F15900834E68 /* Release */ = {
			isa = XCBuildConfiguration;
			buildSettings = {
				ASSETCATALOG_COMPILER_APPICON_NAME = AppIcon;
				ASSETCATALOG_COMPILER_GLOBAL_ACCENT_COLOR_NAME = AccentColor;
				CODE_SIGN_STYLE = Automatic;
				CURRENT_PROJECT_VERSION = 1;
				GENERATE_INFOPLIST_FILE = YES;
				INFOPLIST_FILE = BabbleBuddyApp/Info.plist;
				INFOPLIST_KEY_NSFaceIDUsageDescription = "Allow FaceID";
				INFOPLIST_KEY_UIApplicationSupportsIndirectInputEvents = YES;
				INFOPLIST_KEY_UILaunchStoryboardName = LaunchScreen;
				INFOPLIST_KEY_UISupportedInterfaceOrientations_iPad = "UIInterfaceOrientationPortrait UIInterfaceOrientationPortraitUpsideDown UIInterfaceOrientationLandscapeLeft UIInterfaceOrientationLandscapeRight";
				INFOPLIST_KEY_UISupportedInterfaceOrientations_iPhone = "UIInterfaceOrientationPortrait UIInterfaceOrientationLandscapeLeft UIInterfaceOrientationLandscapeRight";
				IPHONEOS_DEPLOYMENT_TARGET = 18.2;
				LD_RUNPATH_SEARCH_PATHS = (
					"$(inherited)",
					"@executable_path/Frameworks",
				);
				MARKETING_VERSION = 1.0;
				PRODUCT_BUNDLE_IDENTIFIER = com.CincinnatiAI.BabbleBuddyApp;
				PRODUCT_NAME = "$(TARGET_NAME)";
				SWIFT_EMIT_LOC_STRINGS = YES;
				SWIFT_VERSION = 5.0;
				TARGETED_DEVICE_FAMILY = "1,2";
			};
			name = Release;
		};
		F57B50A32D92F15900834E68 /* Debug */ = {
			isa = XCBuildConfiguration;
			buildSettings = {
				ALWAYS_SEARCH_USER_PATHS = NO;
				ASSETCATALOG_COMPILER_GENERATE_SWIFT_ASSET_SYMBOL_EXTENSIONS = YES;
				CLANG_ANALYZER_LOCALIZABILITY_NONLOCALIZED = YES;
				CLANG_ANALYZER_NONNULL = YES;
				CLANG_ANALYZER_NUMBER_OBJECT_CONVERSION = YES_AGGRESSIVE;
				CLANG_CXX_LANGUAGE_STANDARD = "gnu++20";
				CLANG_ENABLE_MODULES = YES;
				CLANG_ENABLE_OBJC_ARC = YES;
				CLANG_ENABLE_OBJC_WEAK = YES;
				CLANG_WARN_BLOCK_CAPTURE_AUTORELEASING = YES;
				CLANG_WARN_BOOL_CONVERSION = YES;
				CLANG_WARN_COMMA = YES;
				CLANG_WARN_CONSTANT_CONVERSION = YES;
				CLANG_WARN_DEPRECATED_OBJC_IMPLEMENTATIONS = YES;
				CLANG_WARN_DIRECT_OBJC_ISA_USAGE = YES_ERROR;
				CLANG_WARN_DOCUMENTATION_COMMENTS = YES;
				CLANG_WARN_EMPTY_BODY = YES;
				CLANG_WARN_ENUM_CONVERSION = YES;
				CLANG_WARN_INFINITE_RECURSION = YES;
				CLANG_WARN_INT_CONVERSION = YES;
				CLANG_WARN_NON_LITERAL_NULL_CONVERSION = YES;
				CLANG_WARN_OBJC_IMPLICIT_RETAIN_SELF = YES;
				CLANG_WARN_OBJC_LITERAL_CONVERSION = YES;
				CLANG_WARN_OBJC_ROOT_CLASS = YES_ERROR;
				CLANG_WARN_QUOTED_INCLUDE_IN_FRAMEWORK_HEADER = YES;
				CLANG_WARN_RANGE_LOOP_ANALYSIS = YES;
				CLANG_WARN_STRICT_PROTOTYPES = YES;
				CLANG_WARN_SUSPICIOUS_MOVE = YES;
				CLANG_WARN_UNGUARDED_AVAILABILITY = YES_AGGRESSIVE;
				CLANG_WARN_UNREACHABLE_CODE = YES;
				CLANG_WARN__DUPLICATE_METHOD_MATCH = YES;
				COPY_PHASE_STRIP = NO;
				DEBUG_INFORMATION_FORMAT = dwarf;
				DEVELOPMENT_TEAM = T66WJZW8RX;
				ENABLE_STRICT_OBJC_MSGSEND = YES;
				ENABLE_TESTABILITY = YES;
				ENABLE_USER_SCRIPT_SANDBOXING = NO;
				GCC_C_LANGUAGE_STANDARD = gnu17;
				GCC_DYNAMIC_NO_PIC = NO;
				GCC_NO_COMMON_BLOCKS = YES;
				GCC_OPTIMIZATION_LEVEL = 0;
				GCC_PREPROCESSOR_DEFINITIONS = (
					"DEBUG=1",
					"$(inherited)",
				);
				GCC_WARN_64_TO_32_BIT_CONVERSION = YES;
				GCC_WARN_ABOUT_RETURN_TYPE = YES_ERROR;
				GCC_WARN_UNDECLARED_SELECTOR = YES;
				GCC_WARN_UNINITIALIZED_AUTOS = YES_AGGRESSIVE;
				GCC_WARN_UNUSED_FUNCTION = YES;
				GCC_WARN_UNUSED_VARIABLE = YES;
				IPHONEOS_DEPLOYMENT_TARGET = 18.2;
				LOCALIZATION_PREFERS_STRING_CATALOGS = YES;
				MTL_ENABLE_DEBUG_INFO = INCLUDE_SOURCE;
				MTL_FAST_MATH = YES;
				ONLY_ACTIVE_ARCH = YES;
				SDKROOT = iphoneos;
				SWIFT_ACTIVE_COMPILATION_CONDITIONS = "DEBUG $(inherited)";
				SWIFT_OPTIMIZATION_LEVEL = "-Onone";
			};
			name = Debug;
		};
		F57B50A42D92F15900834E68 /* Release */ = {
			isa = XCBuildConfiguration;
			buildSettings = {
				ALWAYS_SEARCH_USER_PATHS = NO;
				ASSETCATALOG_COMPILER_GENERATE_SWIFT_ASSET_SYMBOL_EXTENSIONS = YES;
				CLANG_ANALYZER_LOCALIZABILITY_NONLOCALIZED = YES;
				CLANG_ANALYZER_NONNULL = YES;
				CLANG_ANALYZER_NUMBER_OBJECT_CONVERSION = YES_AGGRESSIVE;
				CLANG_CXX_LANGUAGE_STANDARD = "gnu++20";
				CLANG_ENABLE_MODULES = YES;
				CLANG_ENABLE_OBJC_ARC = YES;
				CLANG_ENABLE_OBJC_WEAK = YES;
				CLANG_WARN_BLOCK_CAPTURE_AUTORELEASING = YES;
				CLANG_WARN_BOOL_CONVERSION = YES;
				CLANG_WARN_COMMA = YES;
				CLANG_WARN_CONSTANT_CONVERSION = YES;
				CLANG_WARN_DEPRECATED_OBJC_IMPLEMENTATIONS = YES;
				CLANG_WARN_DIRECT_OBJC_ISA_USAGE = YES_ERROR;
				CLANG_WARN_DOCUMENTATION_COMMENTS = YES;
				CLANG_WARN_EMPTY_BODY = YES;
				CLANG_WARN_ENUM_CONVERSION = YES;
				CLANG_WARN_INFINITE_RECURSION = YES;
				CLANG_WARN_INT_CONVERSION = YES;
				CLANG_WARN_NON_LITERAL_NULL_CONVERSION = YES;
				CLANG_WARN_OBJC_IMPLICIT_RETAIN_SELF = YES;
				CLANG_WARN_OBJC_LITERAL_CONVERSION = YES;
				CLANG_WARN_OBJC_ROOT_CLASS = YES_ERROR;
				CLANG_WARN_QUOTED_INCLUDE_IN_FRAMEWORK_HEADER = YES;
				CLANG_WARN_RANGE_LOOP_ANALYSIS = YES;
				CLANG_WARN_STRICT_PROTOTYPES = YES;
				CLANG_WARN_SUSPICIOUS_MOVE = YES;
				CLANG_WARN_UNGUARDED_AVAILABILITY = YES_AGGRESSIVE;
				CLANG_WARN_UNREACHABLE_CODE = YES;
				CLANG_WARN__DUPLICATE_METHOD_MATCH = YES;
				COPY_PHASE_STRIP = NO;
				DEBUG_INFORMATION_FORMAT = "dwarf-with-dsym";
				DEVELOPMENT_TEAM = T66WJZW8RX;
				ENABLE_NS_ASSERTIONS = NO;
				ENABLE_STRICT_OBJC_MSGSEND = YES;
				ENABLE_USER_SCRIPT_SANDBOXING = NO;
				GCC_C_LANGUAGE_STANDARD = gnu17;
				GCC_NO_COMMON_BLOCKS = YES;
				GCC_WARN_64_TO_32_BIT_CONVERSION = YES;
				GCC_WARN_ABOUT_RETURN_TYPE = YES_ERROR;
				GCC_WARN_UNDECLARED_SELECTOR = YES;
				GCC_WARN_UNINITIALIZED_AUTOS = YES_AGGRESSIVE;
				GCC_WARN_UNUSED_FUNCTION = YES;
				GCC_WARN_UNUSED_VARIABLE = YES;
				IPHONEOS_DEPLOYMENT_TARGET = 18.2;
				LOCALIZATION_PREFERS_STRING_CATALOGS = YES;
				MTL_ENABLE_DEBUG_INFO = NO;
				MTL_FAST_MATH = YES;
				SDKROOT = iphoneos;
				SWIFT_COMPILATION_MODE = wholemodule;
				VALIDATE_PRODUCT = YES;
			};
			name = Release;
		};
/* End XCBuildConfiguration section */

/* Begin XCConfigurationList section */
		F57B50882D92F15700834E68 /* Build configuration list for PBXProject "BabbleBuddyApp" */ = {
			isa = XCConfigurationList;
			buildConfigurations = (
				F57B50A32D92F15900834E68 /* Debug */,
				F57B50A42D92F15900834E68 /* Release */,
			);
			defaultConfigurationIsVisible = 0;
			defaultConfigurationName = Release;
		};
		F57B50A02D92F15900834E68 /* Build configuration list for PBXNativeTarget "BabbleBuddyApp" */ = {
			isa = XCConfigurationList;
			buildConfigurations = (
				F57B50A12D92F15900834E68 /* Debug */,
				F57B50A22D92F15900834E68 /* Release */,
			);
			defaultConfigurationIsVisible = 0;
			defaultConfigurationName = Release;
		};
/* End XCConfigurationList section */

/* Begin XCRemoteSwiftPackageReference section */
		ECD4A2392DC3FEB60094E06D /* XCRemoteSwiftPackageReference "firebase-ios-sdk" */ = {
			isa = XCRemoteSwiftPackageReference;
			repositoryURL = "https://github.com/firebase/firebase-ios-sdk.git";
			requirement = {
				kind = upToNextMajorVersion;
				minimumVersion = 11.12.0;
			};
		};
		F923434A2E4D3A830041EF67 /* XCRemoteSwiftPackageReference "AuthLibrarySPM" */ = {
			isa = XCRemoteSwiftPackageReference;
			repositoryURL = "https://github.com/cincinnatiai/AuthLibrarySPM";
			requirement = {
				branch = develop;
				kind = branch;
			};
		};
/* End XCRemoteSwiftPackageReference section */

/* Begin XCSwiftPackageProductDependency section */
		D11465E42E00D11A0006E12E /* AuthLibrarySPM */ = {
			isa = XCSwiftPackageProductDependency;
			productName = AuthLibrarySPM;
		};
		ECD4A23A2DC3FEB60094E06D /* FirebaseAnalytics */ = {
			isa = XCSwiftPackageProductDependency;
			package = ECD4A2392DC3FEB60094E06D /* XCRemoteSwiftPackageReference "firebase-ios-sdk" */;
			productName = FirebaseAnalytics;
		};
		ECD4A23C2DC3FEB60094E06D /* FirebaseAuth */ = {
			isa = XCSwiftPackageProductDependency;
			package = ECD4A2392DC3FEB60094E06D /* XCRemoteSwiftPackageReference "firebase-ios-sdk" */;
			productName = FirebaseAuth;
		};
		ECD4A23E2DC3FEB60094E06D /* FirebaseCrashlytics */ = {
			isa = XCSwiftPackageProductDependency;
			package = ECD4A2392DC3FEB60094E06D /* XCRemoteSwiftPackageReference "firebase-ios-sdk" */;
			productName = FirebaseCrashlytics;
		};
		ECD4A2402DC3FEB60094E06D /* FirebaseDatabase */ = {
			isa = XCSwiftPackageProductDependency;
			package = ECD4A2392DC3FEB60094E06D /* XCRemoteSwiftPackageReference "firebase-ios-sdk" */;
			productName = FirebaseDatabase;
		};
		ECD4A2422DC3FEB60094E06D /* FirebaseFirestore */ = {
			isa = XCSwiftPackageProductDependency;
			package = ECD4A2392DC3FEB60094E06D /* XCRemoteSwiftPackageReference "firebase-ios-sdk" */;
			productName = FirebaseFirestore;
		};
		ECD4A2442DC3FEB60094E06D /* FirebaseRemoteConfig */ = {
			isa = XCSwiftPackageProductDependency;
			package = ECD4A2392DC3FEB60094E06D /* XCRemoteSwiftPackageReference "firebase-ios-sdk" */;
			productName = FirebaseRemoteConfig;
		};
		ECD4A2462DC3FEB60094E06D /* FirebaseStorage */ = {
			isa = XCSwiftPackageProductDependency;
			package = ECD4A2392DC3FEB60094E06D /* XCRemoteSwiftPackageReference "firebase-ios-sdk" */;
			productName = FirebaseStorage;
		};
		F923434B2E4D3A830041EF67 /* AuthLibrarySPM */ = {
			isa = XCSwiftPackageProductDependency;
			package = F923434A2E4D3A830041EF67 /* XCRemoteSwiftPackageReference "AuthLibrarySPM" */;
			productName = AuthLibrarySPM;
		};
/* End XCSwiftPackageProductDependency section */
	};
	rootObject = F57B50852D92F15700834E68 /* Project object */;
}
